{
  "name": "my-app",
  "version": "1.0.0",
  "lockfileVersion": 2,
  "requires": true,
  "packages": {
    "": {
      "name": "my-app",
      "version": "1.0.0",
      "license": "ISC",
      "dependencies": {
        "@jeandossantos/fluentsql": "^2.0.0"
      }
    },
    "node_modules/@jeandossantos/fluentsql": {
      "version": "2.0.0",
      "resolved": "https://registry.npmjs.org/@jeandossantos/fluentsql/-/fluentsql-2.0.0.tgz",
      "integrity": "sha512-WEE638xsYhpb1mMzd/v3R30QJaSyacWeHRpRjOfWci3+Y/naPmYM7WHT1rELzOQqUMdq7+3KAGZCONH6YWERog=="
    }
  },
  "dependencies": {
    "@jeandossantos/fluentsql": {
      "version": "2.0.0",
      "resolved": "https://registry.npmjs.org/@jeandossantos/fluentsql/-/fluentsql-2.0.0.tgz",
      "integrity": "sha512-WEE638xsYhpb1mMzd/v3R30QJaSyacWeHRpRjOfWci3+Y/naPmYM7WHT1rELzOQqUMdq7+3KAGZCONH6YWERog=="
    }
  }
}
